// !$*UTF8*$!
{
	archiveVersion = 1;
	classes = {
	};
	objectVersion = 46;
	objects = {

/* Begin PBXBuildFile section */
		CF0F1D41199358BB0083AA6F /* UIKit.framework in Frameworks */ = {isa = PBXBuildFile; fileRef = CF0F1D40199358BB0083AA6F /* UIKit.framework */; };
		CF0F1D43199358BB0083AA6F /* Foundation.framework in Frameworks */ = {isa = PBXBuildFile; fileRef = CF0F1D42199358BB0083AA6F /* Foundation.framework */; };
		CF0F1D45199358BB0083AA6F /* CoreGraphics.framework in Frameworks */ = {isa = PBXBuildFile; fileRef = CF0F1D44199358BB0083AA6F /* CoreGraphics.framework */; };
		CF0F1D4B199358BB0083AA6F /* InfoPlist.strings in Resources */ = {isa = PBXBuildFile; fileRef = CF0F1D49199358BB0083AA6F /* InfoPlist.strings */; };
		CF0F1D4D199358BB0083AA6F /* main.m in Sources */ = {isa = PBXBuildFile; fileRef = CF0F1D4C199358BB0083AA6F /* main.m */; };
		CF0F1D51199358BB0083AA6F /* JZAppDelegate.m in Sources */ = {isa = PBXBuildFile; fileRef = CF0F1D50199358BB0083AA6F /* JZAppDelegate.m */; };
		CF0F1D53199358BB0083AA6F /* Default.png in Resources */ = {isa = PBXBuildFile; fileRef = CF0F1D52199358BB0083AA6F /* Default.png */; };
		CF0F1D55199358BB0083AA6F /* Default@2x.png in Resources */ = {isa = PBXBuildFile; fileRef = CF0F1D54199358BB0083AA6F /* Default@2x.png */; };
		CF0F1D57199358BB0083AA6F /* Default-568h@2x.png in Resources */ = {isa = PBXBuildFile; fileRef = CF0F1D56199358BB0083AA6F /* Default-568h@2x.png */; };
		CF0F1D5A199358BB0083AA6F /* MainStoryboard.storyboard in Resources */ = {isa = PBXBuildFile; fileRef = CF0F1D58199358BB0083AA6F /* MainStoryboard.storyboard */; };
		CF0F1D5D199358BB0083AA6F /* JZViewController.m in Sources */ = {isa = PBXBuildFile; fileRef = CF0F1D5C199358BB0083AA6F /* JZViewController.m */; };
/* End PBXBuildFile section */

/* Begin PBXFileReference section */
		CF0F1D3C199358BB0083AA6F /* JZAsyncEx.app */ = {isa = PBXFileReference; explicitFileType = wrapper.application; includeInIndex = 0; path = JZAsyncEx.app; sourceTree = BUILT_PRODUCTS_DIR; };
		CF0F1D40199358BB0083AA6F /* UIKit.framework */ = {isa = PBXFileReference; lastKnownFileType = wrapper.framework; name = UIKit.framework; path = System/Library/Frameworks/UIKit.framework; sourceTree = SDKROOT; };
		CF0F1D42199358BB0083AA6F /* Foundation.framework */ = {isa = PBXFileReference; lastKnownFileType = wrapper.framework; name = Foundation.framework; path = System/Library/Frameworks/Foundation.framework; sourceTree = SDKROOT; };
		CF0F1D44199358BB0083AA6F /* CoreGraphics.framework */ = {isa = PBXFileReference; lastKnownFileType = wrapper.framework; name = CoreGraphics.framework; path = System/Library/Frameworks/CoreGraphics.framework; sourceTree = SDKROOT; };
		CF0F1D48199358BB0083AA6F /* JZAsyncEx-Info.plist */ = {isa = PBXFileReference; lastKnownFileType = text.plist.xml; path = "JZAsyncEx-Info.plist"; sourceTree = "<group>"; };
		CF0F1D4A199358BB0083AA6F /* en */ = {isa = PBXFileReference; lastKnownFileType = text.plist.strings; name = en; path = en.lproj/InfoPlist.strings; sourceTree = "<group>"; };
		CF0F1D4C199358BB0083AA6F /* main.m */ = {isa = PBXFileReference; lastKnownFileType = sourcecode.c.objc; path = main.m; sourceTree = "<group>"; };
		CF0F1D4E199358BB0083AA6F /* JZAsyncEx-Prefix.pch */ = {isa = PBXFileReference; lastKnownFileType = sourcecode.c.h; path = "JZAsyncEx-Prefix.pch"; sourceTree = "<group>"; };
		CF0F1D4F199358BB0083AA6F /* JZAppDelegate.h */ = {isa = PBXFileReference; lastKnownFileType = sourcecode.c.h; path = JZAppDelegate.h; sourceTree = "<group>"; };
		CF0F1D50199358BB0083AA6F /* JZAppDelegate.m */ = {isa = PBXFileReference; lastKnownFileType = sourcecode.c.objc; path = JZAppDelegate.m; sourceTree = "<group>"; };
		CF0F1D52199358BB0083AA6F /* Default.png */ = {isa = PBXFileReference; lastKnownFileType = image.png; path = Default.png; sourceTree = "<group>"; };
		CF0F1D54199358BB0083AA6F /* Default@2x.png */ = {isa = PBXFileReference; lastKnownFileType = image.png; path = "Default@2x.png"; sourceTree = "<group>"; };
		CF0F1D56199358BB0083AA6F /* Default-568h@2x.png */ = {isa = PBXFileReference; lastKnownFileType = image.png; path = "Default-568h@2x.png"; sourceTree = "<group>"; };
		CF0F1D59199358BB0083AA6F /* en */ = {isa = PBXFileReference; lastKnownFileType = file.storyboard; name = en; path = en.lproj/MainStoryboard.storyboard; sourceTree = "<group>"; };
		CF0F1D5B199358BB0083AA6F /* JZViewController.h */ = {isa = PBXFileReference; lastKnownFileType = sourcecode.c.h; path = JZViewController.h; sourceTree = "<group>"; };
		CF0F1D5C199358BB0083AA6F /* JZViewController.m */ = {isa = PBXFileReference; lastKnownFileType = sourcecode.c.objc; path = JZViewController.m; sourceTree = "<group>"; };
/* End PBXFileReference section */

/* Begin PBXFrameworksBuildPhase section */
		CF0F1D39199358BB0083AA6F /* Frameworks */ = {
			isa = PBXFrameworksBuildPhase;
			buildActionMask = 2147483647;
			files = (
				CF0F1D41199358BB0083AA6F /* UIKit.framework in Frameworks */,
				CF0F1D43199358BB0083AA6F /* Foundation.framework in Frameworks */,
				CF0F1D45199358BB0083AA6F /* CoreGraphics.framework in Frameworks */,
			);
			runOnlyForDeploymentPostprocessing = 0;
		};
/* End PBXFrameworksBuildPhase section */

/* Begin PBXGroup section */
		CF0F1D31199358BB0083AA6F = {
			isa = PBXGroup;
			children = (
				CF0F1D46199358BB0083AA6F /* JZAsyncEx */,
				CF0F1D3F199358BB0083AA6F /* Frameworks */,
				CF0F1D3D199358BB0083AA6F /* Products */,
			);
			sourceTree = "<group>";
		};
		CF0F1D3D199358BB0083AA6F /* Products */ = {
			isa = PBXGroup;
			children = (
				CF0F1D3C199358BB0083AA6F /* JZAsyncEx.app */,
			);
			name = Products;
			sourceTree = "<group>";
		};
		CF0F1D3F199358BB0083AA6F /* Frameworks */ = {
			isa = PBXGroup;
			children = (
				CF0F1D40199358BB0083AA6F /* UIKit.framework */,
				CF0F1D42199358BB0083AA6F /* Foundation.framework */,
				CF0F1D44199358BB0083AA6F /* CoreGraphics.framework */,
			);
			name = Frameworks;
			sourceTree = "<group>";
		};
		CF0F1D46199358BB0083AA6F /* JZAsyncEx */ = {
			isa = PBXGroup;
			children = (
				CF0F1D4F199358BB0083AA6F /* JZAppDelegate.h */,
				CF0F1D50199358BB0083AA6F /* JZAppDelegate.m */,
				CF0F1D58199358BB0083AA6F /* MainStoryboard.storyboard */,
				CF0F1D5B199358BB0083AA6F /* JZViewController.h */,
				CF0F1D5C199358BB0083AA6F /* JZViewController.m */,
				CF0F1D47199358BB0083AA6F /* Supporting Files */,
			);
			path = JZAsyncEx;
			sourceTree = "<group>";
		};
		CF0F1D47199358BB0083AA6F /* Supporting Files */ = {
			isa = PBXGroup;
			children = (
				CF0F1D48199358BB0083AA6F /* JZAsyncEx-Info.plist */,
				CF0F1D49199358BB0083AA6F /* InfoPlist.strings */,
				CF0F1D4C199358BB0083AA6F /* main.m */,
				CF0F1D4E199358BB0083AA6F /* JZAsyncEx-Prefix.pch */,
				CF0F1D52199358BB0083AA6F /* Default.png */,
				CF0F1D54199358BB0083AA6F /* Default@2x.png */,
				CF0F1D56199358BB0083AA6F /* Default-568h@2x.png */,
			);
			name = "Supporting Files";
			sourceTree = "<group>";
		};
/* End PBXGroup section */

/* Begin PBXNativeTarget section */
		CF0F1D3B199358BB0083AA6F /* JZAsyncEx */ = {
			isa = PBXNativeTarget;
			buildConfigurationList = CF0F1D60199358BB0083AA6F /* Build configuration list for PBXNativeTarget "JZAsyncEx" */;
			buildPhases = (
				CF0F1D38199358BB0083AA6F /* Sources */,
				CF0F1D39199358BB0083AA6F /* Frameworks */,
				CF0F1D3A199358BB0083AA6F /* Resources */,
			);
			buildRules = (
			);
			dependencies = (
			);
			name = JZAsyncEx;
			productName = JZAsyncEx;
			productReference = CF0F1D3C199358BB0083AA6F /* JZAsyncEx.app */;
			productType = "com.apple.product-type.application";
		};
/* End PBXNativeTarget section */

/* Begin PBXProject section */
		CF0F1D33199358BB0083AA6F /* Project object */ = {
			isa = PBXProject;
			attributes = {
				CLASSPREFIX = JZ;
				LastUpgradeCheck = 0450;
				ORGANIZATIONNAME = JZ;
			};
			buildConfigurationList = CF0F1D36199358BB0083AA6F /* Build configuration list for PBXProject "JZAsyncEx" */;
			compatibilityVersion = "Xcode 3.2";
			developmentRegion = English;
			hasScannedForEncodings = 0;
			knownRegions = (
				en,
			);
			mainGroup = CF0F1D31199358BB0083AA6F;
			productRefGroup = CF0F1D3D199358BB0083AA6F /* Products */;
			projectDirPath = "";
			projectRoot = "";
			targets = (
				CF0F1D3B199358BB0083AA6F /* JZAsyncEx */,
			);
		};
/* End PBXProject section */

/* Begin PBXResourcesBuildPhase section */
		CF0F1D3A199358BB0083AA6F /* Resources */ = {
			isa = PBXResourcesBuildPhase;
			buildActionMask = 2147483647;
			files = (
				CF0F1D4B199358BB0083AA6F /* InfoPlist.strings in Resources */,
				CF0F1D53199358BB0083AA6F /* Default.png in Resources */,
				CF0F1D55199358BB0083AA6F /* Default@2x.png in Resources */,
				CF0F1D57199358BB0083AA6F /* Default-568h@2x.png in Resources */,
				CF0F1D5A199358BB0083AA6F /* MainStoryboard.storyboard in Resources */,
			);
			runOnlyForDeploymentPostprocessing = 0;
		};
/* End PBXResourcesBuildPhase section */

/* Begin PBXSourcesBuildPhase section */
		CF0F1D38199358BB0083AA6F /* Sources */ = {
			isa = PBXSourcesBuildPhase;
			buildActionMask = 2147483647;
			files = (
				CF0F1D4D199358BB0083AA6F /* main.m in Sources */,
				CF0F1D51199358BB0083AA6F /* JZAppDelegate.m in Sources */,
				CF0F1D5D199358BB0083AA6F /* JZViewController.m in Sources */,
			);
			runOnlyForDeploymentPostprocessing = 0;
		};
/* End PBXSourcesBuildPhase section */

/* Begin PBXVariantGroup section */
		CF0F1D49199358BB0083AA6F /* InfoPlist.strings */ = {
			isa = PBXVariantGroup;
			children = (
				CF0F1D4A199358BB0083AA6F /* en */,
			);
			name = InfoPlist.strings;
			sourceTree = "<group>";
		};
		CF0F1D58199358BB0083AA6F /* MainStoryboard.storyboard */ = {
			isa = PBXVariantGroup;
			children = (
				CF0F1D59199358BB0083AA6F /* en */,
			);
			name = MainStoryboard.storyboard;
			sourceTree = "<group>";
		};
/* End PBXVariantGroup section */

/* Begin XCBuildConfiguration section */
		CF0F1D5E199358BB0083AA6F /* Debug */ = {
			isa = XCBuildConfiguration;
			buildSettings = {
				ALWAYS_SEARCH_USER_PATHS = NO;
				CLANG_CXX_LANGUAGE_STANDARD = "gnu++0x";
				CLANG_CXX_LIBRARY = "libc++";
				CLANG_ENABLE_OBJC_ARC = YES;
				CLANG_WARN_EMPTY_BODY = YES;
				CLANG_WARN__DUPLICATE_METHOD_MATCH = YES;
				"CODE_SIGN_IDENTITY[sdk=iphoneos*]" = "iPhone Developer";
				COPY_PHASE_STRIP = NO;
				GCC_C_LANGUAGE_STANDARD = gnu99;
				GCC_DYNAMIC_NO_PIC = NO;
				GCC_OPTIMIZATION_LEVEL = 0;
				GCC_PREPROCESSOR_DEFINITIONS = (
					"DEBUG=1",
					"$(inherited)",
				);
				GCC_SYMBOLS_PRIVATE_EXTERN = NO;
				GCC_WARN_ABOUT_RETURN_TYPE = YES;
				GCC_WARN_UNINITIALIZED_AUTOS = YES;
				GCC_WARN_UNUSED_VARIABLE = YES;
				IPHONEOS_DEPLOYMENT_TARGET = 6.0;
				ONLY_ACTIVE_ARCH = YES;
				SDKROOT = iphoneos;
			};
			name = Debug;
		};
		CF0F1D5F199358BB0083AA6F /* Release */ = {
			isa = XCBuildConfiguration;
			buildSettings = {
				ALWAYS_SEARCH_USER_PATHS = NO;
				CLANG_CXX_LANGUAGE_STANDARD = "gnu++0x";
				CLANG_CXX_LIBRARY = "libc++";
				CLANG_ENABLE_OBJC_ARC = YES;
				CLANG_WARN_EMPTY_BODY = YES;
				CLANG_WARN__DUPLICATE_METHOD_MATCH = YES;
				"CODE_SIGN_IDENTITY[sdk=iphoneos*]" = "iPhone Developer";
				COPY_PHASE_STRIP = YES;
				GCC_C_LANGUAGE_STANDARD = gnu99;
				GCC_WARN_ABOUT_RETURN_TYPE = YES;
				GCC_WARN_UNINITIALIZED_AUTOS = YES;
				GCC_WARN_UNUSED_VARIABLE = YES;
				IPHONEOS_DEPLOYMENT_TARGET = 6.0;
				OTHER_CFLAGS = "-DNS_BLOCK_ASSERTIONS=1";
				SDKROOT = iphoneos;
				VALIDATE_PRODUCT = YES;
			};
			name = Release;
		};
		CF0F1D61199358BB0083AA6F /* Debug */ = {
			isa = XCBuildConfiguration;
			buildSettings = {
				GCC_PRECOMPILE_PREFIX_HEADER = YES;
				GCC_PREFIX_HEADER = "JZAsyncEx/JZAsyncEx-Prefix.pch";
				INFOPLIST_FILE = "JZAsyncEx/JZAsyncEx-Info.plist";
				PRODUCT_NAME = "$(TARGET_NAME)";
				WRAPPER_EXTENSION = app;
			};
			name = Debug;
		};
		CF0F1D62199358BB0083AA6F /* Release */ = {
			isa = XCBuildConfiguration;
			buildSettings = {
				GCC_PRECOMPILE_PREFIX_HEADER = YES;
				GCC_PREFIX_HEADER = "JZAsyncEx/JZAsyncEx-Prefix.pch";
				INFOPLIST_FILE = "JZAsyncEx/JZAsyncEx-Info.plist";
				PRODUCT_NAME = "$(TARGET_NAME)";
				WRAPPER_EXTENSION = app;
			};
			name = Release;
		};
/* End XCBuildConfiguration section */

/* Begin XCConfigurationList section */
		CF0F1D36199358BB0083AA6F /* Build configuration list for PBXProject "JZAsyncEx" */ = {
			isa = XCConfigurationList;
			buildConfigurations = (
				CF0F1D5E199358BB0083AA6F /* Debug */,
				CF0F1D5F199358BB0083AA6F /* Release */,
			);
			defaultConfigurationIsVisible = 0;
			defaultConfigurationName = Release;
		};
		CF0F1D60199358BB0083AA6F /* Build configuration list for PBXNativeTarget "JZAsyncEx" */ = {
			isa = XCConfigurationList;
			buildConfigurations = (
				CF0F1D61199358BB0083AA6F /* Debug */,
				CF0F1D62199358BB0083AA6F /* Release */,
			);
			defaultConfigurationIsVisible = 0;
		};
/* End XCConfigurationList section */
	};
	rootObject = CF0F1D33199358BB0083AA6F /* Project object */;
}
